
Microsoft Visual Studio Solution File, Format Version 12.00
# Visual Studio Version 17
VisualStudioVersion = 17.9.34616.47
MinimumVisualStudioVersion = 10.0.40219.1
Project("{FAE04EC0-301F-11D3-BF4B-00C04F79EFBC}") = "LaverieApi", "LaverieApi.csproj", "{AB7EDCB1-3163-4407-B7F8-DDD34026F295}"
EndProject
Global
	GlobalSection(SolutionConfigurationPlatforms) = preSolution
		Debug|Any CPU = Debug|Any CPU
		Release|Any CPU = Release|Any CPU
	EndGlobalSection
	GlobalSection(ProjectConfigurationPlatforms) = postSolution
		{AB7EDCB1-3163-4407-B7F8-DDD34026F295}.Debug|Any CPU.ActiveCfg = Debug|Any CPU
		{AB7EDCB1-3163-4407-B7F8-DDD34026F295}.Debug|Any CPU.Build.0 = Debug|Any CPU
		{AB7EDCB1-3163-4407-B7F8-DDD34026F295}.Release|Any CPU.ActiveCfg = Release|Any CPU
		{AB7EDCB1-3163-4407-B7F8-DDD34026F295}.Release|Any CPU.Build.0 = Release|Any CPU
	EndGlobalSection
	GlobalSection(SolutionProperties) = preSolution
		HideSolutionNode = FALSE
	EndGlobalSection
	GlobalSection(ExtensibilityGlobals) = postSolution
		SolutionGuid = {8B3323F9-8F44-4F43-B266-6B017C3D5258}
	EndGlobalSection
EndGlobal
